
Microsoft Visual Studio Solution File, Format Version 12.00
# Visual Studio Version 17
VisualStudioVersion = 17.1.32210.238
MinimumVisualStudioVersion = 10.0.40219.1
Project("{2150E333-8FDC-42A3-9474-1A3956D46DE8}") = "Apps", "Apps", "{19D7C420-ED87-40B7-9874-D3C731198BD1}"
EndProject
Project("{2150E333-8FDC-42A3-9474-1A3956D46DE8}") = "Infra", "Infra", "{5881D2F2-2866-4262-9909-DC5BDF539DF8}"
EndProject
Project("{9A19103F-16F7-4668-BE54-9A1E7A4F7556}") = "SampleWebApp", "src\SampleWebApp\SampleWebApp.csproj", "{C25C7F7F-6B71-45B1-BF0F-28975ED0EEB8}"
EndProject
Project("{9A19103F-16F7-4668-BE54-9A1E7A4F7556}") = "InfraSampleWebApp", "src\infra\src\Infra\InfraSampleWebApp.csproj", "{D0135CD7-9A0C-4BDA-A316-8741B3E556CE}"
EndProject
Project("{9A19103F-16F7-4668-BE54-9A1E7A4F7556}") = "WorkerDb", "src\WorkerDb\WorkerDb.csproj", "{7FE3829D-3D80-4639-A665-14B7FED4DB51}"
EndProject
Project("{9A19103F-16F7-4668-BE54-9A1E7A4F7556}") = "WorkerIntegration", "src\WorkerIntegration\WorkerIntegration.csproj", "{FFE68605-33E6-44D7-A3F8-4B66DDC3AD5E}"
EndProject
Project("{2150E333-8FDC-42A3-9474-1A3956D46DE8}") = "Common", "Common", "{4FDEFB79-4CF9-478A-A729-5EC346445BFC}"
EndProject
Project("{9A19103F-16F7-4668-BE54-9A1E7A4F7556}") = "Amazon.CDK.AWS.ECS.MyExtensions", "src\Common\Amazon.CDK.AWS.ECS.MyExtention\Amazon.CDK.AWS.ECS.MyExtensions.csproj", "{EEFCD529-46DF-4490-8015-E66658EC4E33}"
EndProject
Global
	GlobalSection(SolutionConfigurationPlatforms) = preSolution
		Debug|Any CPU = Debug|Any CPU
		Release|Any CPU = Release|Any CPU
	EndGlobalSection
	GlobalSection(ProjectConfigurationPlatforms) = postSolution
		{C25C7F7F-6B71-45B1-BF0F-28975ED0EEB8}.Debug|Any CPU.ActiveCfg = Debug|Any CPU
		{C25C7F7F-6B71-45B1-BF0F-28975ED0EEB8}.Debug|Any CPU.Build.0 = Debug|Any CPU
		{C25C7F7F-6B71-45B1-BF0F-28975ED0EEB8}.Release|Any CPU.ActiveCfg = Release|Any CPU
		{C25C7F7F-6B71-45B1-BF0F-28975ED0EEB8}.Release|Any CPU.Build.0 = Release|Any CPU
		{D0135CD7-9A0C-4BDA-A316-8741B3E556CE}.Debug|Any CPU.ActiveCfg = Debug|Any CPU
		{D0135CD7-9A0C-4BDA-A316-8741B3E556CE}.Debug|Any CPU.Build.0 = Debug|Any CPU
		{D0135CD7-9A0C-4BDA-A316-8741B3E556CE}.Release|Any CPU.ActiveCfg = Release|Any CPU
		{D0135CD7-9A0C-4BDA-A316-8741B3E556CE}.Release|Any CPU.Build.0 = Release|Any CPU
		{7FE3829D-3D80-4639-A665-14B7FED4DB51}.Debug|Any CPU.ActiveCfg = Debug|Any CPU
		{7FE3829D-3D80-4639-A665-14B7FED4DB51}.Debug|Any CPU.Build.0 = Debug|Any CPU
		{7FE3829D-3D80-4639-A665-14B7FED4DB51}.Release|Any CPU.ActiveCfg = Release|Any CPU
		{7FE3829D-3D80-4639-A665-14B7FED4DB51}.Release|Any CPU.Build.0 = Release|Any CPU
		{FFE68605-33E6-44D7-A3F8-4B66DDC3AD5E}.Debug|Any CPU.ActiveCfg = Debug|Any CPU
		{FFE68605-33E6-44D7-A3F8-4B66DDC3AD5E}.Debug|Any CPU.Build.0 = Debug|Any CPU
		{FFE68605-33E6-44D7-A3F8-4B66DDC3AD5E}.Release|Any CPU.ActiveCfg = Release|Any CPU
		{FFE68605-33E6-44D7-A3F8-4B66DDC3AD5E}.Release|Any CPU.Build.0 = Release|Any CPU
		{EEFCD529-46DF-4490-8015-E66658EC4E33}.Debug|Any CPU.ActiveCfg = Debug|Any CPU
		{EEFCD529-46DF-4490-8015-E66658EC4E33}.Debug|Any CPU.Build.0 = Debug|Any CPU
		{EEFCD529-46DF-4490-8015-E66658EC4E33}.Release|Any CPU.ActiveCfg = Release|Any CPU
		{EEFCD529-46DF-4490-8015-E66658EC4E33}.Release|Any CPU.Build.0 = Release|Any CPU
	EndGlobalSection
	GlobalSection(SolutionProperties) = preSolution
		HideSolutionNode = FALSE
	EndGlobalSection
	GlobalSection(NestedProjects) = preSolution
		{C25C7F7F-6B71-45B1-BF0F-28975ED0EEB8} = {19D7C420-ED87-40B7-9874-D3C731198BD1}
		{D0135CD7-9A0C-4BDA-A316-8741B3E556CE} = {5881D2F2-2866-4262-9909-DC5BDF539DF8}
		{7FE3829D-3D80-4639-A665-14B7FED4DB51} = {19D7C420-ED87-40B7-9874-D3C731198BD1}
		{FFE68605-33E6-44D7-A3F8-4B66DDC3AD5E} = {19D7C420-ED87-40B7-9874-D3C731198BD1}
		{EEFCD529-46DF-4490-8015-E66658EC4E33} = {4FDEFB79-4CF9-478A-A729-5EC346445BFC}
	EndGlobalSection
	GlobalSection(ExtensibilityGlobals) = postSolution
		SolutionGuid = {694017A2-98C1-4F50-8D14-CCB5AF3BCE72}
	EndGlobalSection
EndGlobal
